// !$*UTF8*$!
{
	archiveVersion = 1;
	classes = {
	};
	objectVersion = 50;
	objects = {

/* Begin PBXBuildFile section */
		D4F9D4F6244DA4AA00DD7B90 /* AppDelegate.swift in Sources */ = {isa = PBXBuildFile; fileRef = D4F9D4F5244DA4AA00DD7B90 /* AppDelegate.swift */; };
		D4F9D4F8244DA4AA00DD7B90 /* SceneDelegate.swift in Sources */ = {isa = PBXBuildFile; fileRef = D4F9D4F7244DA4AA00DD7B90 /* SceneDelegate.swift */; };
		D4F9D4FA244DA4AA00DD7B90 /* ContentView.swift in Sources */ = {isa = PBXBuildFile; fileRef = D4F9D4F9244DA4AA00DD7B90 /* ContentView.swift */; };
		D4F9D4FC244DA4AC00DD7B90 /* Assets.xcassets in Resources */ = {isa = PBXBuildFile; fileRef = D4F9D4FB244DA4AC00DD7B90 /* Assets.xcassets */; };
		D4F9D4FF244DA4AC00DD7B90 /* Preview Assets.xcassets in Resources */ = {isa = PBXBuildFile; fileRef = D4F9D4FE244DA4AC00DD7B90 /* Preview Assets.xcassets */; };
		D4F9D502244DA4AC00DD7B90 /* LaunchScreen.storyboard in Resources */ = {isa = PBXBuildFile; fileRef = D4F9D500244DA4AC00DD7B90 /* LaunchScreen.storyboard */; };
		D4F9D526244DA4C000DD7B90 /* MenuView.swift in Sources */ = {isa = PBXBuildFile; fileRef = D4F9D525244DA4C000DD7B90 /* MenuView.swift */; };
/* End PBXBuildFile section */

/* Begin PBXContainerItemProxy section */
		D4F9D509244DA4AC00DD7B90 /* PBXContainerItemProxy */ = {
			isa = PBXContainerItemProxy;
			containerPortal = D4F9D4EA244DA4AA00DD7B90 /* Project object */;
			proxyType = 1;
			remoteGlobalIDString = D4F9D4F1244DA4AA00DD7B90;
			remoteInfo = FromLeft;
		};
		D4F9D514244DA4AC00DD7B90 /* PBXContainerItemProxy */ = {
			isa = PBXContainerItemProxy;
			containerPortal = D4F9D4EA244DA4AA00DD7B90 /* Project object */;
			proxyType = 1;
			remoteGlobalIDString = D4F9D4F1244DA4AA00DD7B90;
			remoteInfo = FromLeft;
		};
/* End PBXContainerItemProxy section */

/* Begin PBXFileReference section */
		D4F9D4F2244DA4AA00DD7B90 /* FromLeft.app */ = {isa = PBXFileReference; explicitFileType = wrapper.application; includeInIndex = 0; path = FromLeft.app; sourceTree = BUILT_PRODUCTS_DIR; };
		D4F9D4F5244DA4AA00DD7B90 /* AppDelegate.swift */ = {isa = PBXFileReference; lastKnownFileType = sourcecode.swift; path = AppDelegate.swift; sourceTree = "<group>"; };
		D4F9D4F7244DA4AA00DD7B90 /* SceneDelegate.swift */ = {isa = PBXFileReference; lastKnownFileType = sourcecode.swift; path = SceneDelegate.swift; sourceTree = "<group>"; };
		D4F9D4F9244DA4AA00DD7B90 /* ContentView.swift */ = {isa = PBXFileReference; lastKnownFileType = sourcecode.swift; path = ContentView.swift; sourceTree = "<group>"; };
		D4F9D4FB244DA4AC00DD7B90 /* Assets.xcassets */ = {isa = PBXFileReference; lastKnownFileType = folder.assetcatalog; path = Assets.xcassets; sourceTree = "<group>"; };
		D4F9D4FE244DA4AC00DD7B90 /* Preview Assets.xcassets */ = {isa = PBXFileReference; lastKnownFileType = folder.assetcatalog; path = "Preview Assets.xcassets"; sourceTree = "<group>"; };
		D4F9D501244DA4AC00DD7B90 /* Base */ = {isa = PBXFileReference; lastKnownFileType = file.storyboard; name = Base; path = Base.lproj/LaunchScreen.storyboard; sourceTree = "<group>"; };
		D4F9D503244DA4AC00DD7B90 /* Info.plist */ = {isa = PBXFileReference; lastKnownFileType = text.plist.xml; path = Info.plist; sourceTree = "<group>"; };
		D4F9D508244DA4AC00DD7B90 /* FromLeftTests.xctest */ = {isa = PBXFileReference; explicitFileType = wrapper.cfbundle; includeInIndex = 0; path = FromLeftTests.xctest; sourceTree = BUILT_PRODUCTS_DIR; };
		D4F9D513244DA4AC00DD7B90 /* FromLeftUITests.xctest */ = {isa = PBXFileReference; explicitFileType = wrapper.cfbundle; includeInIndex = 0; path = FromLeftUITests.xctest; sourceTree = BUILT_PRODUCTS_DIR; };
		D4F9D525244DA4C000DD7B90 /* MenuView.swift */ = {isa = PBXFileReference; lastKnownFileType = sourcecode.swift; path = MenuView.swift; sourceTree = "<group>"; };
/* End PBXFileReference section */

/* Begin PBXFrameworksBuildPhase section */
		D4F9D4EF244DA4AA00DD7B90 /* Frameworks */ = {
			isa = PBXFrameworksBuildPhase;
			buildActionMask = 2147483647;
			files = (
			);
			runOnlyForDeploymentPostprocessing = 0;
		};
		D4F9D505244DA4AC00DD7B90 /* Frameworks */ = {
			isa = PBXFrameworksBuildPhase;
			buildActionMask = 2147483647;
			files = (
			);
			runOnlyForDeploymentPostprocessing = 0;
		};
		D4F9D510244DA4AC00DD7B90 /* Frameworks */ = {
			isa = PBXFrameworksBuildPhase;
			buildActionMask = 2147483647;
			files = (
			);
			runOnlyForDeploymentPostprocessing = 0;
		};
/* End PBXFrameworksBuildPhase section */

/* Begin PBXGroup section */
		D4F9D4E9244DA4AA00DD7B90 = {
			isa = PBXGroup;
			children = (
				D4F9D4F4244DA4AA00DD7B90 /* FromLeft */,
				D4F9D4F3244DA4AA00DD7B90 /* Products */,
			);
			sourceTree = "<group>";
		};
		D4F9D4F3244DA4AA00DD7B90 /* Products */ = {
			isa = PBXGroup;
			children = (
				D4F9D4F2244DA4AA00DD7B90 /* FromLeft.app */,
				D4F9D508244DA4AC00DD7B90 /* FromLeftTests.xctest */,
				D4F9D513244DA4AC00DD7B90 /* FromLeftUITests.xctest */,
			);
			name = Products;
			sourceTree = "<group>";
		};
		D4F9D4F4244DA4AA00DD7B90 /* FromLeft */ = {
			isa = PBXGroup;
			children = (
				D4F9D4F5244DA4AA00DD7B90 /* AppDelegate.swift */,
				D4F9D4F7244DA4AA00DD7B90 /* SceneDelegate.swift */,
				D4F9D4F9244DA4AA00DD7B90 /* ContentView.swift */,
				D4F9D4FB244DA4AC00DD7B90 /* Assets.xcassets */,
				D4F9D500244DA4AC00DD7B90 /* LaunchScreen.storyboard */,
				D4F9D503244DA4AC00DD7B90 /* Info.plist */,
				D4F9D4FD244DA4AC00DD7B90 /* Preview Content */,
				D4F9D525244DA4C000DD7B90 /* MenuView.swift */,
			);
			path = FromLeft;
			sourceTree = "<group>";
		};
		D4F9D4FD244DA4AC00DD7B90 /* Preview Content */ = {
			isa = PBXGroup;
			children = (
				D4F9D4FE244DA4AC00DD7B90 /* Preview Assets.xcassets */,
			);
			path = "Preview Content";
			sourceTree = "<group>";
		};
/* End PBXGroup section */

/* Begin PBXNativeTarget section */
		D4F9D4F1244DA4AA00DD7B90 /* FromLeft */ = {
			isa = PBXNativeTarget;
			buildConfigurationList = D4F9D51C244DA4AD00DD7B90 /* Build configuration list for PBXNativeTarget "FromLeft" */;
			buildPhases = (
				D4F9D4EE244DA4AA00DD7B90 /* Sources */,
				D4F9D4EF244DA4AA00DD7B90 /* Frameworks */,
				D4F9D4F0244DA4AA00DD7B90 /* Resources */,
			);
			buildRules = (
			);
			dependencies = (
			);
			name = FromLeft;
			productName = FromLeft;
			productReference = D4F9D4F2244DA4AA00DD7B90 /* FromLeft.app */;
			productType = "com.apple.product-type.application";
		};
		D4F9D507244DA4AC00DD7B90 /* FromLeftTests */ = {
			isa = PBXNativeTarget;
			buildConfigurationList = D4F9D51F244DA4AD00DD7B90 /* Build configuration list for PBXNativeTarget "FromLeftTests" */;
			buildPhases = (
				D4F9D504244DA4AC00DD7B90 /* Sources */,
				D4F9D505244DA4AC00DD7B90 /* Frameworks */,
				D4F9D506244DA4AC00DD7B90 /* Resources */,
			);
			buildRules = (
			);
			dependencies = (
				D4F9D50A244DA4AC00DD7B90 /* PBXTargetDependency */,
			);
			name = FromLeftTests;
			productName = FromLeftTests;
			productReference = D4F9D508244DA4AC00DD7B90 /* FromLeftTests.xctest */;
			productType = "com.apple.product-type.bundle.unit-test";
		};
		D4F9D512244DA4AC00DD7B90 /* FromLeftUITests */ = {
			isa = PBXNativeTarget;
			buildConfigurationList = D4F9D522244DA4AD00DD7B90 /* Build configuration list for PBXNativeTarget "FromLeftUITests" */;
			buildPhases = (
				D4F9D50F244DA4AC00DD7B90 /* Sources */,
				D4F9D510244DA4AC00DD7B90 /* Frameworks */,
				D4F9D511244DA4AC00DD7B90 /* Resources */,
			);
			buildRules = (
			);
			dependencies = (
				D4F9D515244DA4AC00DD7B90 /* PBXTargetDependency */,
			);
			name = FromLeftUITests;
			productName = FromLeftUITests;
			productReference = D4F9D513244DA4AC00DD7B90 /* FromLeftUITests.xctest */;
			productType = "com.apple.product-type.bundle.ui-testing";
		};
/* End PBXNativeTarget section */

/* Begin PBXProject section */
		D4F9D4EA244DA4AA00DD7B90 /* Project object */ = {
			isa = PBXProject;
			attributes = {
				LastSwiftUpdateCheck = 1140;
				LastUpgradeCheck = 1140;
				ORGANIZATIONNAME = com.d1v1b;
				TargetAttributes = {
					D4F9D4F1244DA4AA00DD7B90 = {
						CreatedOnToolsVersion = 11.4.1;
					};
					D4F9D507244DA4AC00DD7B90 = {
						CreatedOnToolsVersion = 11.4.1;
						TestTargetID = D4F9D4F1244DA4AA00DD7B90;
					};
					D4F9D512244DA4AC00DD7B90 = {
						CreatedOnToolsVersion = 11.4.1;
						TestTargetID = D4F9D4F1244DA4AA00DD7B90;
					};
				};
			};
			buildConfigurationList = D4F9D4ED244DA4AA00DD7B90 /* Build configuration list for PBXProject "FromLeft" */;
			compatibilityVersion = "Xcode 9.3";
			developmentRegion = en;
			hasScannedForEncodings = 0;
			knownRegions = (
				en,
				Base,
			);
			mainGroup = D4F9D4E9244DA4AA00DD7B90;
			productRefGroup = D4F9D4F3244DA4AA00DD7B90 /* Products */;
			projectDirPath = "";
			projectRoot = "";
			targets = (
				D4F9D4F1244DA4AA00DD7B90 /* FromLeft */,
				D4F9D507244DA4AC00DD7B90 /* FromLeftTests */,
				D4F9D512244DA4AC00DD7B90 /* FromLeftUITests */,
			);
		};
/* End PBXProject section */

/* Begin PBXResourcesBuildPhase section */
		D4F9D4F0244DA4AA00DD7B90 /* Resources */ = {
			isa = PBXResourcesBuildPhase;
			buildActionMask = 2147483647;
			files = (
				D4F9D502244DA4AC00DD7B90 /* LaunchScreen.storyboard in Resources */,
				D4F9D4FF244DA4AC00DD7B90 /* Preview Assets.xcassets in Resources */,
				D4F9D4FC244DA4AC00DD7B90 /* Assets.xcassets in Resources */,
			);
			runOnlyForDeploymentPostprocessing = 0;
		};
		D4F9D506244DA4AC00DD7B90 /* Resources */ = {
			isa = PBXResourcesBuildPhase;
			buildActionMask = 2147483647;
			files = (
			);
			runOnlyForDeploymentPostprocessing = 0;
		};
		D4F9D511244DA4AC00DD7B90 /* Resources */ = {
			isa = PBXResourcesBuildPhase;
			buildActionMask = 2147483647;
			files = (
			);
			runOnlyForDeploymentPostprocessing = 0;
		};
/* End PBXResourcesBuildPhase section */

/* Begin PBXSourcesBuildPhase section */
		D4F9D4EE244DA4AA00DD7B90 /* Sources */ = {
			isa = PBXSourcesBuildPhase;
			buildActionMask = 2147483647;
			files = (
				D4F9D4F6244DA4AA00DD7B90 /* AppDelegate.swift in Sources */,
				D4F9D526244DA4C000DD7B90 /* MenuView.swift in Sources */,
				D4F9D4F8244DA4AA00DD7B90 /* SceneDelegate.swift in Sources */,
				D4F9D4FA244DA4AA00DD7B90 /* ContentView.swift in Sources */,
			);
			runOnlyForDeploymentPostprocessing = 0;
		};
		D4F9D504244DA4AC00DD7B90 /* Sources */ = {
			isa = PBXSourcesBuildPhase;
			buildActionMask = 2147483647;
			files = (
			);
			runOnlyForDeploymentPostprocessing = 0;
		};
		D4F9D50F244DA4AC00DD7B90 /* Sources */ = {
			isa = PBXSourcesBuildPhase;
			buildActionMask = 2147483647;
			files = (
			);
			runOnlyForDeploymentPostprocessing = 0;
		};
/* End PBXSourcesBuildPhase section */

/* Begin PBXTargetDependency section */
		D4F9D50A244DA4AC00DD7B90 /* PBXTargetDependency */ = {
			isa = PBXTargetDependency;
			target = D4F9D4F1244DA4AA00DD7B90 /* FromLeft */;
			targetProxy = D4F9D509244DA4AC00DD7B90 /* PBXContainerItemProxy */;
		};
		D4F9D515244DA4AC00DD7B90 /* PBXTargetDependency */ = {
			isa = PBXTargetDependency;
			target = D4F9D4F1244DA4AA00DD7B90 /* FromLeft */;
			targetProxy = D4F9D514244DA4AC00DD7B90 /* PBXContainerItemProxy */;
		};
/* End PBXTargetDependency section */

/* Begin PBXVariantGroup section */
		D4F9D500244DA4AC00DD7B90 /* LaunchScreen.storyboard */ = {
			isa = PBXVariantGroup;
			children = (
				D4F9D501244DA4AC00DD7B90 /* Base */,
			);
			name = LaunchScreen.storyboard;
			sourceTree = "<group>";
		};
/* End PBXVariantGroup section */

/* Begin XCBuildConfiguration section */
		D4F9D51A244DA4AD00DD7B90 /* Debug */ = {
			isa = XCBuildConfiguration;
			buildSettings = {
				ALWAYS_SEARCH_USER_PATHS = NO;
				CLANG_ANALYZER_NONNULL = YES;
				CLANG_ANALYZER_NUMBER_OBJECT_CONVERSION = YES_AGGRESSIVE;
				CLANG_CXX_LANGUAGE_STANDARD = "gnu++14";
				CLANG_CXX_LIBRARY = "libc++";
				CLANG_ENABLE_MODULES = YES;
				CLANG_ENABLE_OBJC_ARC = YES;
				CLANG_ENABLE_OBJC_WEAK = YES;
				CLANG_WARN_BLOCK_CAPTURE_AUTORELEASING = YES;
				CLANG_WARN_BOOL_CONVERSION = YES;
				CLANG_WARN_COMMA = YES;
				CLANG_WARN_CONSTANT_CONVERSION = YES;
				CLANG_WARN_DEPRECATED_OBJC_IMPLEMENTATIONS = YES;
				CLANG_WARN_DIRECT_OBJC_ISA_USAGE = YES_ERROR;
				CLANG_WARN_DOCUMENTATION_COMMENTS = YES;
				CLANG_WARN_EMPTY_BODY = YES;
				CLANG_WARN_ENUM_CONVERSION = YES;
				CLANG_WARN_INFINITE_RECURSION = YES;
				CLANG_WARN_INT_CONVERSION = YES;
				CLANG_WARN_NON_LITERAL_NULL_CONVERSION = YES;
				CLANG_WARN_OBJC_IMPLICIT_RETAIN_SELF = YES;
				CLANG_WARN_OBJC_LITERAL_CONVERSION = YES;
				CLANG_WARN_OBJC_ROOT_CLASS = YES_ERROR;
				CLANG_WARN_RANGE_LOOP_ANALYSIS = YES;
				CLANG_WARN_STRICT_PROTOTYPES = YES;
				CLANG_WARN_SUSPICIOUS_MOVE = YES;
				CLANG_WARN_UNGUARDED_AVAILABILITY = YES_AGGRESSIVE;
				CLANG_WARN_UNREACHABLE_CODE = YES;
				CLANG_WARN__DUPLICATE_METHOD_MATCH = YES;
				COPY_PHASE_STRIP = NO;
				DEBUG_INFORMATION_FORMAT = dwarf;
				ENABLE_STRICT_OBJC_MSGSEND = YES;
				ENABLE_TESTABILITY = YES;
				GCC_C_LANGUAGE_STANDARD = gnu11;
				GCC_DYNAMIC_NO_PIC = NO;
				GCC_NO_COMMON_BLOCKS = YES;
				GCC_OPTIMIZATION_LEVEL = 0;
				GCC_PREPROCESSOR_DEFINITIONS = (
					"DEBUG=1",
					"$(inherited)",
				);
				GCC_WARN_64_TO_32_BIT_CONVERSION = YES;
				GCC_WARN_ABOUT_RETURN_TYPE = YES_ERROR;
				GCC_WARN_UNDECLARED_SELECTOR = YES;
				GCC_WARN_UNINITIALIZED_AUTOS = YES_AGGRESSIVE;
				GCC_WARN_UNUSED_FUNCTION = YES;
				GCC_WARN_UNUSED_VARIABLE = YES;
				IPHONEOS_DEPLOYMENT_TARGET = 13.4;
				MTL_ENABLE_DEBUG_INFO = INCLUDE_SOURCE;
				MTL_FAST_MATH = YES;
				ONLY_ACTIVE_ARCH = YES;
				SDKROOT = iphoneos;
				SWIFT_ACTIVE_COMPILATION_CONDITIONS = DEBUG;
				SWIFT_OPTIMIZATION_LEVEL = "-Onone";
			};
			name = Debug;
		};
		D4F9D51B244DA4AD00DD7B90 /* Release */ = {
			isa = XCBuildConfiguration;
			buildSettings = {
				ALWAYS_SEARCH_USER_PATHS = NO;
				CLANG_ANALYZER_NONNULL = YES;
				CLANG_ANALYZER_NUMBER_OBJECT_CONVERSION = YES_AGGRESSIVE;
				CLANG_CXX_LANGUAGE_STANDARD = "gnu++14";
				CLANG_CXX_LIBRARY = "libc++";
				CLANG_ENABLE_MODULES = YES;
				CLANG_ENABLE_OBJC_ARC = YES;
				CLANG_ENABLE_OBJC_WEAK = YES;
				CLANG_WARN_BLOCK_CAPTURE_AUTORELEASING = YES;
				CLANG_WARN_BOOL_CONVERSION = YES;
				CLANG_WARN_COMMA = YES;
				CLANG_WARN_CONSTANT_CONVERSION = YES;
				CLANG_WARN_DEPRECATED_OBJC_IMPLEMENTATIONS = YES;
				CLANG_WARN_DIRECT_OBJC_ISA_USAGE = YES_ERROR;
				CLANG_WARN_DOCUMENTATION_COMMENTS = YES;
				CLANG_WARN_EMPTY_BODY = YES;
				CLANG_WARN_ENUM_CONVERSION = YES;
				CLANG_WARN_INFINITE_RECURSION = YES;
				CLANG_WARN_INT_CONVERSION = YES;
				CLANG_WARN_NON_LITERAL_NULL_CONVERSION = YES;
				CLANG_WARN_OBJC_IMPLICIT_RETAIN_SELF = YES;
				CLANG_WARN_OBJC_LITERAL_CONVERSION = YES;
				CLANG_WARN_OBJC_ROOT_CLASS = YES_ERROR;
				CLANG_WARN_RANGE_LOOP_ANALYSIS = YES;
				CLANG_WARN_STRICT_PROTOTYPES = YES;
				CLANG_WARN_SUSPICIOUS_MOVE = YES;
				CLANG_WARN_UNGUARDED_AVAILABILITY = YES_AGGRESSIVE;
				CLANG_WARN_UNREACHABLE_CODE = YES;
				CLANG_WARN__DUPLICATE_METHOD_MATCH = YES;
				COPY_PHASE_STRIP = NO;
				DEBUG_INFORMATION_FORMAT = "dwarf-with-dsym";
				ENABLE_NS_ASSERTIONS = NO;
				ENABLE_STRICT_OBJC_MSGSEND = YES;
				GCC_C_LANGUAGE_STANDARD = gnu11;
				GCC_NO_COMMON_BLOCKS = YES;
				GCC_WARN_64_TO_32_BIT_CONVERSION = YES;
				GCC_WARN_ABOUT_RETURN_TYPE = YES_ERROR;
				GCC_WARN_UNDECLARED_SELECTOR = YES;
				GCC_WARN_UNINITIALIZED_AUTOS = YES_AGGRESSIVE;
				GCC_WARN_UNUSED_FUNCTION = YES;
				GCC_WARN_UNUSED_VARIABLE = YES;
				IPHONEOS_DEPLOYMENT_TARGET = 13.4;
				MTL_ENABLE_DEBUG_INFO = NO;
				MTL_FAST_MATH = YES;
				SDKROOT = iphoneos;
				SWIFT_COMPILATION_MODE = wholemodule;
				SWIFT_OPTIMIZATION_LEVEL = "-O";
				VALIDATE_PRODUCT = YES;
			};
			name = Release;
		};
		D4F9D51D244DA4AD00DD7B90 /* Debug */ = {
			isa = XCBuildConfiguration;
			buildSettings = {
				ASSETCATALOG_COMPILER_APPICON_NAME = AppIcon;
				CODE_SIGN_STYLE = Automatic;
				DEVELOPMENT_ASSET_PATHS = "\"FromLeft/Preview Content\"";
				DEVELOPMENT_TEAM = 5VAV2VB96V;
				ENABLE_PREVIEWS = YES;
				INFOPLIST_FILE = FromLeft/Info.plist;
				LD_RUNPATH_SEARCH_PATHS = (
					"$(inherited)",
					"@executable_path/Frameworks",
				);
				PRODUCT_BUNDLE_IDENTIFIER = com.d1v1b.FromLeft;
				PRODUCT_NAME = "$(TARGET_NAME)";
				SWIFT_VERSION = 5.0;
				TARGETED_DEVICE_FAMILY = "1,2";
			};
			name = Debug;
		};
		D4F9D51E244DA4AD00DD7B90 /* Release */ = {
			isa = XCBuildConfiguration;
			buildSettings = {
				ASSETCATALOG_COMPILER_APPICON_NAME = AppIcon;
				CODE_SIGN_STYLE = Automatic;
				DEVELOPMENT_ASSET_PATHS = "\"FromLeft/Preview Content\"";
				DEVELOPMENT_TEAM = 5VAV2VB96V;
				ENABLE_PREVIEWS = YES;
				INFOPLIST_FILE = FromLeft/Info.plist;
				LD_RUNPATH_SEARCH_PATHS = (
					"$(inherited)",
					"@executable_path/Frameworks",
				);
				PRODUCT_BUNDLE_IDENTIFIER = com.d1v1b.FromLeft;
				PRODUCT_NAME = "$(TARGET_NAME)";
				SWIFT_VERSION = 5.0;
				TARGETED_DEVICE_FAMILY = "1,2";
			};
			name = Release;
		};
		D4F9D520244DA4AD00DD7B90 /* Debug */ = {
			isa = XCBuildConfiguration;
			buildSettings = {
				ALWAYS_EMBED_SWIFT_STANDARD_LIBRARIES = YES;
				BUNDLE_LOADER = "$(TEST_HOST)";
				CODE_SIGN_STYLE = Automatic;
				DEVELOPMENT_TEAM = 5VAV2VB96V;
				INFOPLIST_FILE = FromLeftTests/Info.plist;
				IPHONEOS_DEPLOYMENT_TARGET = 13.4;
				LD_RUNPATH_SEARCH_PATHS = (
					"$(inherited)",
					"@executable_path/Frameworks",
					"@loader_path/Frameworks",
				);
				PRODUCT_BUNDLE_IDENTIFIER = com.d1v1b.FromLeftTests;
				PRODUCT_NAME = "$(TARGET_NAME)";
				SWIFT_VERSION = 5.0;
				TARGETED_DEVICE_FAMILY = "1,2";
				TEST_HOST = "$(BUILT_PRODUCTS_DIR)/FromLeft.app/FromLeft";
			};
			name = Debug;
		};
		D4F9D521244DA4AD00DD7B90 /* Release */ = {
			isa = XCBuildConfiguration;
			buildSettings = {
				ALWAYS_EMBED_SWIFT_STANDARD_LIBRARIES = YES;
				BUNDLE_LOADER = "$(TEST_HOST)";
				CODE_SIGN_STYLE = Automatic;
				DEVELOPMENT_TEAM = 5VAV2VB96V;
				INFOPLIST_FILE = FromLeftTests/Info.plist;
				IPHONEOS_DEPLOYMENT_TARGET = 13.4;
				LD_RUNPATH_SEARCH_PATHS = (
					"$(inherited)",
					"@executable_path/Frameworks",
					"@loader_path/Frameworks",
				);
				PRODUCT_BUNDLE_IDENTIFIER = com.d1v1b.FromLeftTests;
				PRODUCT_NAME = "$(TARGET_NAME)";
				SWIFT_VERSION = 5.0;
				TARGETED_DEVICE_FAMILY = "1,2";
				TEST_HOST = "$(BUILT_PRODUCTS_DIR)/FromLeft.app/FromLeft";
			};
			name = Release;
		};
		D4F9D523244DA4AD00DD7B90 /* Debug */ = {
			isa = XCBuildConfiguration;
			buildSettings = {
				ALWAYS_EMBED_SWIFT_STANDARD_LIBRARIES = YES;
				CODE_SIGN_STYLE = Automatic;
				DEVELOPMENT_TEAM = 5VAV2VB96V;
				INFOPLIST_FILE = FromLeftUITests/Info.plist;
				LD_RUNPATH_SEARCH_PATHS = (
					"$(inherited)",
					"@executable_path/Frameworks",
					"@loader_path/Frameworks",
				);
				PRODUCT_BUNDLE_IDENTIFIER = com.d1v1b.FromLeftUITests;
				PRODUCT_NAME = "$(TARGET_NAME)";
				SWIFT_VERSION = 5.0;
				TARGETED_DEVICE_FAMILY = "1,2";
				TEST_TARGET_NAME = FromLeft;
			};
			name = Debug;
		};
		D4F9D524244DA4AD00DD7B90 /* Release */ = {
			isa = XCBuildConfiguration;
			buildSettings = {
				ALWAYS_EMBED_SWIFT_STANDARD_LIBRARIES = YES;
				CODE_SIGN_STYLE = Automatic;
				DEVELOPMENT_TEAM = 5VAV2VB96V;
				INFOPLIST_FILE = FromLeftUITests/Info.plist;
				LD_RUNPATH_SEARCH_PATHS = (
					"$(inherited)",
					"@executable_path/Frameworks",
					"@loader_path/Frameworks",
				);
				PRODUCT_BUNDLE_IDENTIFIER = com.d1v1b.FromLeftUITests;
				PRODUCT_NAME = "$(TARGET_NAME)";
				SWIFT_VERSION = 5.0;
				TARGETED_DEVICE_FAMILY = "1,2";
				TEST_TARGET_NAME = FromLeft;
			};
			name = Release;
		};
/* End XCBuildConfiguration section */

/* Begin XCConfigurationList section */
		D4F9D4ED244DA4AA00DD7B90 /* Build configuration list for PBXProject "FromLeft" */ = {
			isa = XCConfigurationList;
			buildConfigurations = (
				D4F9D51A244DA4AD00DD7B90 /* Debug */,
				D4F9D51B244DA4AD00DD7B90 /* Release */,
			);
			defaultConfigurationIsVisible = 0;
			defaultConfigurationName = Release;
		};
		D4F9D51C244DA4AD00DD7B90 /* Build configuration list for PBXNativeTarget "FromLeft" */ = {
			isa = XCConfigurationList;
			buildConfigurations = (
				D4F9D51D244DA4AD00DD7B90 /* Debug */,
				D4F9D51E244DA4AD00DD7B90 /* Release */,
			);
			defaultConfigurationIsVisible = 0;
			defaultConfigurationName = Release;
		};
		D4F9D51F244DA4AD00DD7B90 /* Build configuration list for PBXNativeTarget "FromLeftTests" */ = {
			isa = XCConfigurationList;
			buildConfigurations = (
				D4F9D520244DA4AD00DD7B90 /* Debug */,
				D4F9D521244DA4AD00DD7B90 /* Release */,
			);
			defaultConfigurationIsVisible = 0;
			defaultConfigurationName = Release;
		};
		D4F9D522244DA4AD00DD7B90 /* Build configuration list for PBXNativeTarget "FromLeftUITests" */ = {
			isa = XCConfigurationList;
			buildConfigurations = (
				D4F9D523244DA4AD00DD7B90 /* Debug */,
				D4F9D524244DA4AD00DD7B90 /* Release */,
			);
			defaultConfigurationIsVisible = 0;
			defaultConfigurationName = Release;
		};
/* End XCConfigurationList section */
	};
	rootObject = D4F9D4EA244DA4AA00DD7B90 /* Project object */;
}
